
Microsoft Visual Studio Solution File, Format Version 12.00
# Visual Studio Version 16
VisualStudioVersion = 16.0.31205.134
MinimumVisualStudioVersion = 10.0.40219.1
Project("{FAE04EC0-301F-11D3-BF4B-00C04F79EFBC}") = "BeHealth-eApp.Android", "BeHealth-eApp.Android\BeHealth-eApp.Android.csproj", "{EDE2CFC5-ED3B-408D-9072-CA3754EFBDF1}"
EndProject
Project("{FAE04EC0-301F-11D3-BF4B-00C04F79EFBC}") = "BeHealth_eApp", "BeHealth-eApp\BeHealth_eApp.csproj", "{7357409D-127A-4DB0-BA17-9A204E9428AF}"
EndProject
Global
	GlobalSection(SolutionConfigurationPlatforms) = preSolution
		Debug|Any CPU = Debug|Any CPU
		Release|Any CPU = Release|Any CPU
	EndGlobalSection
	GlobalSection(ProjectConfigurationPlatforms) = postSolution
		{EDE2CFC5-ED3B-408D-9072-CA3754EFBDF1}.Debug|Any CPU.ActiveCfg = Debug|Any CPU
		{EDE2CFC5-ED3B-408D-9072-CA3754EFBDF1}.Debug|Any CPU.Build.0 = Debug|Any CPU
		{EDE2CFC5-ED3B-408D-9072-CA3754EFBDF1}.Debug|Any CPU.Deploy.0 = Debug|Any CPU
		{EDE2CFC5-ED3B-408D-9072-CA3754EFBDF1}.Release|Any CPU.ActiveCfg = Release|Any CPU
		{EDE2CFC5-ED3B-408D-9072-CA3754EFBDF1}.Release|Any CPU.Build.0 = Release|Any CPU
		{EDE2CFC5-ED3B-408D-9072-CA3754EFBDF1}.Release|Any CPU.Deploy.0 = Release|Any CPU
		{7357409D-127A-4DB0-BA17-9A204E9428AF}.Debug|Any CPU.ActiveCfg = Debug|Any CPU
		{7357409D-127A-4DB0-BA17-9A204E9428AF}.Debug|Any CPU.Build.0 = Debug|Any CPU
		{7357409D-127A-4DB0-BA17-9A204E9428AF}.Debug|Any CPU.Deploy.0 = Debug|Any CPU
		{7357409D-127A-4DB0-BA17-9A204E9428AF}.Release|Any CPU.ActiveCfg = Release|Any CPU
		{7357409D-127A-4DB0-BA17-9A204E9428AF}.Release|Any CPU.Build.0 = Release|Any CPU
		{7357409D-127A-4DB0-BA17-9A204E9428AF}.Release|Any CPU.Deploy.0 = Release|Any CPU
	EndGlobalSection
	GlobalSection(SolutionProperties) = preSolution
		HideSolutionNode = FALSE
	EndGlobalSection
	GlobalSection(ExtensibilityGlobals) = postSolution
		SolutionGuid = {22EF039E-7BF0-47E0-A8AD-32A3D97276E7}
	EndGlobalSection
EndGlobal
